
Microsoft Visual Studio Solution File, Format Version 12.00
Project("{FAE04EC0-301F-11D3-BF4B-00C04F79EFBC}") = "Bookmarks", "Bookmarks\Bookmarks.csproj", "{64E175D3-C227-4D0D-B06B-30B3A0B89FDA}"
EndProject
Global
	GlobalSection(SolutionConfigurationPlatforms) = preSolution
		Debug|Any CPU = Debug|Any CPU
		Release|Any CPU = Release|Any CPU
	EndGlobalSection
	GlobalSection(ProjectConfigurationPlatforms) = postSolution
		{64E175D3-C227-4D0D-B06B-30B3A0B89FDA}.Debug|Any CPU.ActiveCfg = Debug|Any CPU
		{64E175D3-C227-4D0D-B06B-30B3A0B89FDA}.Debug|Any CPU.Build.0 = Debug|Any CPU
		{64E175D3-C227-4D0D-B06B-30B3A0B89FDA}.Release|Any CPU.ActiveCfg = Release|Any CPU
		{64E175D3-C227-4D0D-B06B-30B3A0B89FDA}.Release|Any CPU.Build.0 = Release|Any CPU
	EndGlobalSection
EndGlobal
